// !$*UTF8*$!
{
	archiveVersion = 1;
	classes = {
	};
	objectVersion = 56;
	objects = {

/* Begin PBXBuildFile section */
		A10001 /* AppDelegate.swift in Sources */ = {isa = PBXBuildFile; fileRef = A20001; };
		A10002 /* SceneDelegate.swift in Sources */ = {isa = PBXBuildFile; fileRef = A20002; };
		A10003 /* WebViewController.swift in Sources */ = {isa = PBXBuildFile; fileRef = A20003; };
		A10004 /* JavaScriptBridge.swift in Sources */ = {isa = PBXBuildFile; fileRef = A20004; };
		A10005 /* AppConfig.swift in Sources */ = {isa = PBXBuildFile; fileRef = A20005; };
		A10006 /* BiometricAuth.swift in Sources */ = {isa = PBXBuildFile; fileRef = A20006; };
		A10007 /* PushNotificationManager.swift in Sources */ = {isa = PBXBuildFile; fileRef = A20007; };
		A10008 /* AdMobManager.swift in Sources */ = {isa = PBXBuildFile; fileRef = A20008; };
		A10009 /* QRScannerViewController.swift in Sources */ = {isa = PBXBuildFile; fileRef = A20009; };
		A10010 /* ScreenshotGuard.swift in Sources */ = {isa = PBXBuildFile; fileRef = A20010; };
		A10011 /* LocationManager.swift in Sources */ = {isa = PBXBuildFile; fileRef = A20011; };
		A10012 /* FileUploadHelper.swift in Sources */ = {isa = PBXBuildFile; fileRef = A20012; };
		A10013 /* Assets.xcassets in Resources */ = {isa = PBXBuildFile; fileRef = A20013; };
		A10014 /* config.json in Resources */ = {isa = PBXBuildFile; fileRef = A20014; };
/* End PBXBuildFile section */

/* Begin PBXFileReference section */
		A20001 /* AppDelegate.swift */ = {isa = PBXFileReference; lastKnownFileType = sourcecode.swift; path = AppDelegate.swift; sourceTree = "<group>"; };
		A20002 /* SceneDelegate.swift */ = {isa = PBXFileReference; lastKnownFileType = sourcecode.swift; path = SceneDelegate.swift; sourceTree = "<group>"; };
		A20003 /* WebViewController.swift */ = {isa = PBXFileReference; lastKnownFileType = sourcecode.swift; path = WebViewController.swift; sourceTree = "<group>"; };
		A20004 /* JavaScriptBridge.swift */ = {isa = PBXFileReference; lastKnownFileType = sourcecode.swift; path = JavaScriptBridge.swift; sourceTree = "<group>"; };
		A20005 /* AppConfig.swift */ = {isa = PBXFileReference; lastKnownFileType = sourcecode.swift; path = AppConfig.swift; sourceTree = "<group>"; };
		A20006 /* BiometricAuth.swift */ = {isa = PBXFileReference; lastKnownFileType = sourcecode.swift; path = BiometricAuth.swift; sourceTree = "<group>"; };
		A20007 /* PushNotificationManager.swift */ = {isa = PBXFileReference; lastKnownFileType = sourcecode.swift; path = PushNotificationManager.swift; sourceTree = "<group>"; };
		A20008 /* AdMobManager.swift */ = {isa = PBXFileReference; lastKnownFileType = sourcecode.swift; path = AdMobManager.swift; sourceTree = "<group>"; };
		A20009 /* QRScannerViewController.swift */ = {isa = PBXFileReference; lastKnownFileType = sourcecode.swift; path = QRScannerViewController.swift; sourceTree = "<group>"; };
		A20010 /* ScreenshotGuard.swift */ = {isa = PBXFileReference; lastKnownFileType = sourcecode.swift; path = ScreenshotGuard.swift; sourceTree = "<group>"; };
		A20011 /* LocationManager.swift */ = {isa = PBXFileReference; lastKnownFileType = sourcecode.swift; path = LocationManager.swift; sourceTree = "<group>"; };
		A20012 /* FileUploadHelper.swift */ = {isa = PBXFileReference; lastKnownFileType = sourcecode.swift; path = FileUploadHelper.swift; sourceTree = "<group>"; };
		A20013 /* Assets.xcassets */ = {isa = PBXFileReference; lastKnownFileType = folder.assetcatalog; path = Assets.xcassets; sourceTree = "<group>"; };
		A20014 /* config.json */ = {isa = PBXFileReference; lastKnownFileType = text.json; path = config.json; sourceTree = "<group>"; };
		A20015 /* Info.plist */ = {isa = PBXFileReference; lastKnownFileType = text.plist.xml; path = Info.plist; sourceTree = "<group>"; };
		A20100 /* WebToApp.app */ = {isa = PBXFileReference; explicitFileType = wrapper.application; includeInIndex = 0; path = WebToApp.app; sourceTree = BUILT_PRODUCTS_DIR; };
/* End PBXFileReference section */

/* Begin PBXFrameworksBuildPhase section */
		A30001 /* Frameworks */ = {
			isa = PBXFrameworksBuildPhase;
			buildActionMask = 2147483647;
			files = (
			);
			runOnlyForDeploymentPostprocessing = 0;
		};
/* End PBXFrameworksBuildPhase section */

/* Begin PBXGroup section */
		A40001 = {
			isa = PBXGroup;
			children = (
				A40002 /* WebToApp */,
				A40006 /* Products */,
			);
			sourceTree = "<group>";
		};
		A40002 /* WebToApp */ = {
			isa = PBXGroup;
			children = (
				A20001 /* AppDelegate.swift */,
				A20002 /* SceneDelegate.swift */,
				A20003 /* WebViewController.swift */,
				A20004 /* JavaScriptBridge.swift */,
				A40003 /* Config */,
				A40004 /* Features */,
				A20013 /* Assets.xcassets */,
				A20015 /* Info.plist */,
			);
			path = WebToApp;
			sourceTree = "<group>";
		};
		A40003 /* Config */ = {
			isa = PBXGroup;
			children = (
				A20005 /* AppConfig.swift */,
				A20014 /* config.json */,
			);
			path = Config;
			sourceTree = "<group>";
		};
		A40004 /* Features */ = {
			isa = PBXGroup;
			children = (
				A20006 /* BiometricAuth.swift */,
				A20007 /* PushNotificationManager.swift */,
				A20008 /* AdMobManager.swift */,
				A20009 /* QRScannerViewController.swift */,
				A20010 /* ScreenshotGuard.swift */,
				A20011 /* LocationManager.swift */,
				A20012 /* FileUploadHelper.swift */,
			);
			path = Features;
			sourceTree = "<group>";
		};
		A40006 /* Products */ = {
			isa = PBXGroup;
			children = (
				A20100 /* WebToApp.app */,
			);
			name = Products;
			sourceTree = "<group>";
		};
/* End PBXGroup section */

/* Begin PBXNativeTarget section */
		A50001 /* WebToApp */ = {
			isa = PBXNativeTarget;
			buildConfigurationList = A70001 /* Build configuration list for PBXNativeTarget "WebToApp" */;
			buildPhases = (
				A60001 /* Sources */,
				A30001 /* Frameworks */,
				A60002 /* Resources */,
			);
			buildRules = (
			);
			dependencies = (
			);
			name = WebToApp;
			productName = WebToApp;
			productReference = A20100 /* WebToApp.app */;
			productType = "com.apple.product-type.application";
		};
/* End PBXNativeTarget section */

/* Begin PBXProject section */
		A80001 /* Project object */ = {
			isa = PBXProject;
			attributes = {
				BuildIndependentTargetsInParallel = 1;
				LastSwiftUpdateCheck = 1500;
				LastUpgradeCheck = 1500;
			};
			buildConfigurationList = A70002 /* Build configuration list for PBXProject "WebToApp" */;
			compatibilityVersion = "Xcode 14.0";
			developmentRegion = en;
			hasScannedForEncodings = 0;
			knownRegions = (
				en,
				Base,
			);
			mainGroup = A40001;
			productRefGroup = A40006 /* Products */;
			projectDirPath = "";
			projectRoot = "";
			targets = (
				A50001 /* WebToApp */,
			);
		};
/* End PBXProject section */

/* Begin PBXResourcesBuildPhase section */
		A60002 /* Resources */ = {
			isa = PBXResourcesBuildPhase;
			buildActionMask = 2147483647;
			files = (
				A10013 /* Assets.xcassets in Resources */,
				A10014 /* config.json in Resources */,
			);
			runOnlyForDeploymentPostprocessing = 0;
		};
/* End PBXResourcesBuildPhase section */

/* Begin PBXSourcesBuildPhase section */
		A60001 /* Sources */ = {
			isa = PBXSourcesBuildPhase;
			buildActionMask = 2147483647;
			files = (
				A10001 /* AppDelegate.swift in Sources */,
				A10002 /* SceneDelegate.swift in Sources */,
				A10003 /* WebViewController.swift in Sources */,
				A10004 /* JavaScriptBridge.swift in Sources */,
				A10005 /* AppConfig.swift in Sources */,
				A10006 /* BiometricAuth.swift in Sources */,
				A10007 /* PushNotificationManager.swift in Sources */,
				A10008 /* AdMobManager.swift in Sources */,
				A10009 /* QRScannerViewController.swift in Sources */,
				A10010 /* ScreenshotGuard.swift in Sources */,
				A10011 /* LocationManager.swift in Sources */,
				A10012 /* FileUploadHelper.swift in Sources */,
			);
			runOnlyForDeploymentPostprocessing = 0;
		};
/* End PBXSourcesBuildPhase section */

/* Begin XCBuildConfiguration section */
		A90001 /* Debug */ = {
			isa = XCBuildConfiguration;
			buildSettings = {
				ALWAYS_SEARCH_USER_PATHS = NO;
				ASSETCATALOG_COMPILER_APPICON_NAME = AppIcon;
				ASSETCATALOG_COMPILER_GLOBAL_ACCENT_COLOR_NAME = AccentColor;
				CODE_SIGN_STYLE = Automatic;
				CURRENT_PROJECT_VERSION = 1;
				GENERATE_INFOPLIST_FILE = NO;
				INFOPLIST_FILE = WebToApp/Info.plist;
				INFOPLIST_KEY_UIApplicationSupportsIndirectInputEvents = YES;
				IPHONEOS_DEPLOYMENT_TARGET = 15.0;
				LD_RUNPATH_SEARCH_PATHS = (
					"$(inherited)",
					"@executable_path/Frameworks",
				);
				MARKETING_VERSION = 1.0;
				PRODUCT_BUNDLE_IDENTIFIER = com.webtoapp.template;
				PRODUCT_NAME = "$(TARGET_NAME)";
				SWIFT_EMIT_LOC_STRINGS = YES;
				SWIFT_VERSION = 5.0;
				TARGETED_DEVICE_FAMILY = "1,2";
			};
			name = Debug;
		};
		A90002 /* Release */ = {
			isa = XCBuildConfiguration;
			buildSettings = {
				ALWAYS_SEARCH_USER_PATHS = NO;
				ASSETCATALOG_COMPILER_APPICON_NAME = AppIcon;
				ASSETCATALOG_COMPILER_GLOBAL_ACCENT_COLOR_NAME = AccentColor;
				CODE_SIGN_STYLE = Automatic;
				CURRENT_PROJECT_VERSION = 1;
				GENERATE_INFOPLIST_FILE = NO;
				INFOPLIST_FILE = WebToApp/Info.plist;
				INFOPLIST_KEY_UIApplicationSupportsIndirectInputEvents = YES;
				IPHONEOS_DEPLOYMENT_TARGET = 15.0;
				LD_RUNPATH_SEARCH_PATHS = (
					"$(inherited)",
					"@executable_path/Frameworks",
				);
				MARKETING_VERSION = 1.0;
				PRODUCT_BUNDLE_IDENTIFIER = com.webtoapp.template;
				PRODUCT_NAME = "$(TARGET_NAME)";
				SWIFT_EMIT_LOC_STRINGS = YES;
				SWIFT_VERSION = 5.0;
				TARGETED_DEVICE_FAMILY = "1,2";
			};
			name = Release;
		};
		A90003 /* Debug */ = {
			isa = XCBuildConfiguration;
			buildSettings = {
				CLANG_ENABLE_MODULES = YES;
				CLANG_ENABLE_OBJC_ARC = YES;
				COPY_PHASE_STRIP = NO;
				DEBUG_INFORMATION_FORMAT = dwarf;
				ENABLE_STRICT_OBJC_MSGSEND = YES;
				ENABLE_TESTABILITY = YES;
				GCC_OPTIMIZATION_LEVEL = 0;
				GCC_WARN_ABOUT_RETURN_TYPE = YES_ERROR;
				GCC_WARN_UNINITIALIZED_AUTOS = YES_AGGRESSIVE;
				IPHONEOS_DEPLOYMENT_TARGET = 15.0;
				MTL_ENABLE_DEBUG_INFO = INCLUDE_SOURCE;
				ONLY_ACTIVE_ARCH = YES;
				SDKROOT = iphoneos;
				SWIFT_ACTIVE_COMPILATION_CONDITIONS = DEBUG;
				SWIFT_OPTIMIZATION_LEVEL = "-Onone";
			};
			name = Debug;
		};
		A90004 /* Release */ = {
			isa = XCBuildConfiguration;
			buildSettings = {
				CLANG_ENABLE_MODULES = YES;
				CLANG_ENABLE_OBJC_ARC = YES;
				COPY_PHASE_STRIP = NO;
				DEBUG_INFORMATION_FORMAT = "dwarf-with-dsym";
				ENABLE_NS_ASSERTIONS = NO;
				ENABLE_STRICT_OBJC_MSGSEND = YES;
				GCC_WARN_ABOUT_RETURN_TYPE = YES_ERROR;
				GCC_WARN_UNINITIALIZED_AUTOS = YES_AGGRESSIVE;
				IPHONEOS_DEPLOYMENT_TARGET = 15.0;
				MTL_ENABLE_DEBUG_INFO = NO;
				SDKROOT = iphoneos;
				SWIFT_COMPILATION_MODE = wholemodule;
				SWIFT_OPTIMIZATION_LEVEL = "-O";
				VALIDATE_PRODUCT = YES;
			};
			name = Release;
		};
/* End XCBuildConfiguration section */

/* Begin XCConfigurationList section */
		A70001 /* Build configuration list for PBXNativeTarget "WebToApp" */ = {
			isa = XCConfigurationList;
			buildConfigurations = (
				A90001 /* Debug */,
				A90002 /* Release */,
			);
			defaultConfigurationIsVisible = 0;
			defaultConfigurationName = Release;
		};
		A70002 /* Build configuration list for PBXProject "WebToApp" */ = {
			isa = XCConfigurationList;
			buildConfigurations = (
				A90003 /* Debug */,
				A90004 /* Release */,
			);
			defaultConfigurationIsVisible = 0;
			defaultConfigurationName = Release;
		};
/* End XCConfigurationList section */

	};
	rootObject = A80001 /* Project object */;
}
